
Microsoft Visual Studio Solution File, Format Version 12.00
# Visual Studio Version 16
VisualStudioVersion = 16.0.30523.141
MinimumVisualStudioVersion = 10.0.40219.1
Project("{FAE04EC0-301F-11D3-BF4B-00C04F79EFBC}") = "Przychodnia", "Przychodnia.csproj", "{2B6F78DA-4B36-4618-8B8E-6DB021151969}"
EndProject
Global
	GlobalSection(SolutionConfigurationPlatforms) = preSolution
		Debug|Any CPU = Debug|Any CPU
		Release|Any CPU = Release|Any CPU
	EndGlobalSection
	GlobalSection(ProjectConfigurationPlatforms) = postSolution
		{2B6F78DA-4B36-4618-8B8E-6DB021151969}.Debug|Any CPU.ActiveCfg = Debug|Any CPU
		{2B6F78DA-4B36-4618-8B8E-6DB021151969}.Debug|Any CPU.Build.0 = Debug|Any CPU
		{2B6F78DA-4B36-4618-8B8E-6DB021151969}.Release|Any CPU.ActiveCfg = Release|Any CPU
		{2B6F78DA-4B36-4618-8B8E-6DB021151969}.Release|Any CPU.Build.0 = Release|Any CPU
	EndGlobalSection
	GlobalSection(SolutionProperties) = preSolution
		HideSolutionNode = FALSE
	EndGlobalSection
	GlobalSection(ExtensibilityGlobals) = postSolution
		SolutionGuid = {00956793-FAA1-49CB-864A-B10863018973}
	EndGlobalSection
EndGlobal
